
Microsoft Visual Studio Solution File, Format Version 12.00
# Visual Studio Version 17
VisualStudioVersion = 17.14.35821.62 d17.14
MinimumVisualStudioVersion = 10.0.40219.1
Project("{FAE04EC0-301F-11D3-BF4B-00C04F79EFBC}") = "TerrariaTrader", "TerrariaTrader\TerrariaTrader.csproj", "{2A6F2B2B-5796-40CB-AE25-13373F186DE5}"
EndProject
Global
	GlobalSection(SolutionConfigurationPlatforms) = preSolution
		Debug|Any CPU = Debug|Any CPU
		Release|Any CPU = Release|Any CPU
	EndGlobalSection
	GlobalSection(ProjectConfigurationPlatforms) = postSolution
		{2A6F2B2B-5796-40CB-AE25-13373F186DE5}.Debug|Any CPU.ActiveCfg = Debug|Any CPU
		{2A6F2B2B-5796-40CB-AE25-13373F186DE5}.Debug|Any CPU.Build.0 = Debug|Any CPU
		{2A6F2B2B-5796-40CB-AE25-13373F186DE5}.Release|Any CPU.ActiveCfg = Release|Any CPU
		{2A6F2B2B-5796-40CB-AE25-13373F186DE5}.Release|Any CPU.Build.0 = Release|Any CPU
	EndGlobalSection
	GlobalSection(SolutionProperties) = preSolution
		HideSolutionNode = FALSE
	EndGlobalSection
	GlobalSection(ExtensibilityGlobals) = postSolution
		SolutionGuid = {EFDF5C79-BD70-442A-94D9-CA7431F5DCD8}
	EndGlobalSection
EndGlobal
